# THIS IS AN AUTOGENERATED FILE. DO NOT EDIT THIS FILE DIRECTLY.
# yarn lockfile v1


expo-localization@^11.0.0:
  version "11.0.0"
  resolved "https://registry.yarnpkg.com/expo-localization/-/expo-localization-11.0.0.tgz#ae384c59ae708a4b2e7ff7dfead1d9ee9c06b482"
  integrity sha512-LLK7+pYScM5ob8/IsnCb4JVQb6AvWP5anTIikaZmpz7XCUJ0KHaCPY8YfUjVSSwWspSMLxpqKEZtAra+bHxYZA==
  dependencies:
    rtl-detect "^1.0.2"

rtl-detect@^1.0.2:
  version "1.0.4"
  resolved "https://registry.yarnpkg.com/rtl-detect/-/rtl-detect-1.0.4.tgz#40ae0ea7302a150b96bc75af7d749607392ecac6"
  integrity sha512-EBR4I2VDSSYr7PkBmFy04uhycIpDKp+21p/jARYXlCSjQksTBQcJ0HFUPOO79EPPH5JS6VAhiIQbycf0O3JAxQ==
